
Microsoft Visual Studio Solution File, Format Version 12.00
# Visual Studio Version 16
VisualStudioVersion = 16.0.31019.35
MinimumVisualStudioVersion = 10.0.40219.1
Project("{F184B08F-C81C-45F6-A57F-5ABD9991F28F}") = "apip1", "apip1\apip1.vbproj", "{FE207781-D0A9-410C-B96C-D540871AC456}"
EndProject
Global
	GlobalSection(SolutionConfigurationPlatforms) = preSolution
		Debug|Any CPU = Debug|Any CPU
		Release|Any CPU = Release|Any CPU
	EndGlobalSection
	GlobalSection(ProjectConfigurationPlatforms) = postSolution
		{FE207781-D0A9-410C-B96C-D540871AC456}.Debug|Any CPU.ActiveCfg = Debug|Any CPU
		{FE207781-D0A9-410C-B96C-D540871AC456}.Debug|Any CPU.Build.0 = Debug|Any CPU
		{FE207781-D0A9-410C-B96C-D540871AC456}.Release|Any CPU.ActiveCfg = Release|Any CPU
		{FE207781-D0A9-410C-B96C-D540871AC456}.Release|Any CPU.Build.0 = Release|Any CPU
	EndGlobalSection
	GlobalSection(SolutionProperties) = preSolution
		HideSolutionNode = FALSE
	EndGlobalSection
	GlobalSection(ExtensibilityGlobals) = postSolution
		SolutionGuid = {1A422876-1317-4D2A-B7CF-731E55D3E403}
	EndGlobalSection
EndGlobal
