
Microsoft Visual Studio Solution File, Format Version 12.00
# Visual Studio Version 16
VisualStudioVersion = 16.0.31019.35
MinimumVisualStudioVersion = 10.0.40219.1
Project("{FAE04EC0-301F-11D3-BF4B-00C04F79EFBC}") = "WindowsFormsApp1", "WindowsFormsApp1\WindowsFormsApp1.csproj", "{257718A7-69A7-4532-A4DE-DF1781D8A6CE}"
EndProject
Global
	GlobalSection(SolutionConfigurationPlatforms) = preSolution
		Debug|Any CPU = Debug|Any CPU
		Release|Any CPU = Release|Any CPU
	EndGlobalSection
	GlobalSection(ProjectConfigurationPlatforms) = postSolution
		{257718A7-69A7-4532-A4DE-DF1781D8A6CE}.Debug|Any CPU.ActiveCfg = Debug|Any CPU
		{257718A7-69A7-4532-A4DE-DF1781D8A6CE}.Debug|Any CPU.Build.0 = Debug|Any CPU
		{257718A7-69A7-4532-A4DE-DF1781D8A6CE}.Release|Any CPU.ActiveCfg = Release|Any CPU
		{257718A7-69A7-4532-A4DE-DF1781D8A6CE}.Release|Any CPU.Build.0 = Release|Any CPU
	EndGlobalSection
	GlobalSection(SolutionProperties) = preSolution
		HideSolutionNode = FALSE
	EndGlobalSection
	GlobalSection(ExtensibilityGlobals) = postSolution
		SolutionGuid = {AD437019-1572-4F88-9201-95829280E611}
	EndGlobalSection
EndGlobal
