
Microsoft Visual Studio Solution File, Format Version 12.00
# Visual Studio Version 16
VisualStudioVersion = 16.0.31019.35
MinimumVisualStudioVersion = 10.0.40219.1
Project("{FAE04EC0-301F-11D3-BF4B-00C04F79EFBC}") = "BonBonCakery", "BonBonCakery\BonBonCakery.csproj", "{44D60485-53B9-4AB9-9509-46EDD64BDD4E}"
EndProject
Global
	GlobalSection(SolutionConfigurationPlatforms) = preSolution
		Debug|Any CPU = Debug|Any CPU
		Release|Any CPU = Release|Any CPU
	EndGlobalSection
	GlobalSection(ProjectConfigurationPlatforms) = postSolution
		{44D60485-53B9-4AB9-9509-46EDD64BDD4E}.Debug|Any CPU.ActiveCfg = Debug|Any CPU
		{44D60485-53B9-4AB9-9509-46EDD64BDD4E}.Debug|Any CPU.Build.0 = Debug|Any CPU
		{44D60485-53B9-4AB9-9509-46EDD64BDD4E}.Release|Any CPU.ActiveCfg = Release|Any CPU
		{44D60485-53B9-4AB9-9509-46EDD64BDD4E}.Release|Any CPU.Build.0 = Release|Any CPU
	EndGlobalSection
	GlobalSection(SolutionProperties) = preSolution
		HideSolutionNode = FALSE
	EndGlobalSection
	GlobalSection(ExtensibilityGlobals) = postSolution
		SolutionGuid = {EEA9F048-2604-4A39-95B0-6FC5B1ACB6F6}
	EndGlobalSection
EndGlobal
